
Microsoft Visual Studio Solution File, Format Version 12.00
# Visual Studio Version 16
VisualStudioVersion = 16.0.30406.217
MinimumVisualStudioVersion = 10.0.40219.1
Project("{FAE04EC0-301F-11D3-BF4B-00C04F79EFBC}") = "SubtitlesSync", "SubtitlesSync\SubtitlesSync.csproj", "{ACC52AC2-D496-42B0-8514-6FDC2F595870}"
EndProject
Global
	GlobalSection(SolutionConfigurationPlatforms) = preSolution
		Debug|Any CPU = Debug|Any CPU
		Release|Any CPU = Release|Any CPU
	EndGlobalSection
	GlobalSection(ProjectConfigurationPlatforms) = postSolution
		{ACC52AC2-D496-42B0-8514-6FDC2F595870}.Debug|Any CPU.ActiveCfg = Debug|Any CPU
		{ACC52AC2-D496-42B0-8514-6FDC2F595870}.Debug|Any CPU.Build.0 = Debug|Any CPU
		{ACC52AC2-D496-42B0-8514-6FDC2F595870}.Release|Any CPU.ActiveCfg = Release|Any CPU
		{ACC52AC2-D496-42B0-8514-6FDC2F595870}.Release|Any CPU.Build.0 = Release|Any CPU
	EndGlobalSection
	GlobalSection(SolutionProperties) = preSolution
		HideSolutionNode = FALSE
	EndGlobalSection
	GlobalSection(ExtensibilityGlobals) = postSolution
		SolutionGuid = {FBAB030E-CB13-420A-835E-F35B4FD3DDE6}
	EndGlobalSection
EndGlobal
